
Microsoft Visual Studio Solution File, Format Version 12.00
# Visual Studio Version 17
VisualStudioVersion = 17.4.33122.133
MinimumVisualStudioVersion = 10.0.40219.1
Project("{FAE04EC0-301F-11D3-BF4B-00C04F79EFBC}") = "ListaLeitura", "ListaLeitura\ListaLeitura.csproj", "{564F2F5C-2855-48DF-A072-C8CDC29D3DA9}"
EndProject
Global
	GlobalSection(SolutionConfigurationPlatforms) = preSolution
		Debug|Any CPU = Debug|Any CPU
		Release|Any CPU = Release|Any CPU
	EndGlobalSection
	GlobalSection(ProjectConfigurationPlatforms) = postSolution
		{564F2F5C-2855-48DF-A072-C8CDC29D3DA9}.Debug|Any CPU.ActiveCfg = Debug|Any CPU
		{564F2F5C-2855-48DF-A072-C8CDC29D3DA9}.Debug|Any CPU.Build.0 = Debug|Any CPU
		{564F2F5C-2855-48DF-A072-C8CDC29D3DA9}.Release|Any CPU.ActiveCfg = Release|Any CPU
		{564F2F5C-2855-48DF-A072-C8CDC29D3DA9}.Release|Any CPU.Build.0 = Release|Any CPU
	EndGlobalSection
	GlobalSection(SolutionProperties) = preSolution
		HideSolutionNode = FALSE
	EndGlobalSection
	GlobalSection(ExtensibilityGlobals) = postSolution
		SolutionGuid = {8CB3A66D-EBD6-411A-A8D7-ACB37E8CAF42}
	EndGlobalSection
EndGlobal
